
Microsoft Visual Studio Solution File, Format Version 12.00
# Visual Studio Version 16
VisualStudioVersion = 16.0.31729.503
MinimumVisualStudioVersion = 10.0.40219.1
Project("{FAE04EC0-301F-11D3-BF4B-00C04F79EFBC}") = "Homework_Day-34", "Homework_Day-34\Homework_Day-34.csproj", "{2C546917-5FDF-4AFB-9D61-6FFC050FF21D}"
EndProject
Project("{FAE04EC0-301F-11D3-BF4B-00C04F79EFBC}") = "MoviesService", "MoviesService\MoviesService.csproj", "{10BC92DB-DD3E-4F06-B513-30A570AEA54B}"
EndProject
Global
	GlobalSection(SolutionConfigurationPlatforms) = preSolution
		Debug|Any CPU = Debug|Any CPU
		Release|Any CPU = Release|Any CPU
	EndGlobalSection
	GlobalSection(ProjectConfigurationPlatforms) = postSolution
		{2C546917-5FDF-4AFB-9D61-6FFC050FF21D}.Debug|Any CPU.ActiveCfg = Debug|Any CPU
		{2C546917-5FDF-4AFB-9D61-6FFC050FF21D}.Debug|Any CPU.Build.0 = Debug|Any CPU
		{2C546917-5FDF-4AFB-9D61-6FFC050FF21D}.Release|Any CPU.ActiveCfg = Release|Any CPU
		{2C546917-5FDF-4AFB-9D61-6FFC050FF21D}.Release|Any CPU.Build.0 = Release|Any CPU
		{10BC92DB-DD3E-4F06-B513-30A570AEA54B}.Debug|Any CPU.ActiveCfg = Debug|Any CPU
		{10BC92DB-DD3E-4F06-B513-30A570AEA54B}.Debug|Any CPU.Build.0 = Debug|Any CPU
		{10BC92DB-DD3E-4F06-B513-30A570AEA54B}.Release|Any CPU.ActiveCfg = Release|Any CPU
		{10BC92DB-DD3E-4F06-B513-30A570AEA54B}.Release|Any CPU.Build.0 = Release|Any CPU
	EndGlobalSection
	GlobalSection(SolutionProperties) = preSolution
		HideSolutionNode = FALSE
	EndGlobalSection
	GlobalSection(ExtensibilityGlobals) = postSolution
		SolutionGuid = {C52D4877-D29E-40A5-AA1F-F4261BB61BA9}
	EndGlobalSection
EndGlobal
