
Microsoft Visual Studio Solution File, Format Version 12.00
# Visual Studio Version 16
VisualStudioVersion = 16.0.31729.503
MinimumVisualStudioVersion = 10.0.40219.1
Project("{FAE04EC0-301F-11D3-BF4B-00C04F79EFBC}") = "Day-09_2", "Day-09_2\Day-09_2.csproj", "{64B4EF4C-034B-48C6-8FAD-9B685D876F33}"
EndProject
Global
	GlobalSection(SolutionConfigurationPlatforms) = preSolution
		Debug|Any CPU = Debug|Any CPU
		Release|Any CPU = Release|Any CPU
	EndGlobalSection
	GlobalSection(ProjectConfigurationPlatforms) = postSolution
		{64B4EF4C-034B-48C6-8FAD-9B685D876F33}.Debug|Any CPU.ActiveCfg = Debug|Any CPU
		{64B4EF4C-034B-48C6-8FAD-9B685D876F33}.Debug|Any CPU.Build.0 = Debug|Any CPU
		{64B4EF4C-034B-48C6-8FAD-9B685D876F33}.Release|Any CPU.ActiveCfg = Release|Any CPU
		{64B4EF4C-034B-48C6-8FAD-9B685D876F33}.Release|Any CPU.Build.0 = Release|Any CPU
	EndGlobalSection
	GlobalSection(SolutionProperties) = preSolution
		HideSolutionNode = FALSE
	EndGlobalSection
	GlobalSection(ExtensibilityGlobals) = postSolution
		SolutionGuid = {35ECC1DD-9686-4739-A699-C0C01A517460}
	EndGlobalSection
EndGlobal
