
Microsoft Visual Studio Solution File, Format Version 12.00
# Visual Studio Version 16
VisualStudioVersion = 16.0.31729.503
MinimumVisualStudioVersion = 10.0.40219.1
Project("{FAE04EC0-301F-11D3-BF4B-00C04F79EFBC}") = "Day-02_1", "Day-02_1\Day-02_1.csproj", "{A296C4F7-0198-4DCD-8A63-03C462C1B426}"
EndProject
Global
	GlobalSection(SolutionConfigurationPlatforms) = preSolution
		Debug|Any CPU = Debug|Any CPU
		Release|Any CPU = Release|Any CPU
	EndGlobalSection
	GlobalSection(ProjectConfigurationPlatforms) = postSolution
		{A296C4F7-0198-4DCD-8A63-03C462C1B426}.Debug|Any CPU.ActiveCfg = Debug|Any CPU
		{A296C4F7-0198-4DCD-8A63-03C462C1B426}.Debug|Any CPU.Build.0 = Debug|Any CPU
		{A296C4F7-0198-4DCD-8A63-03C462C1B426}.Release|Any CPU.ActiveCfg = Release|Any CPU
		{A296C4F7-0198-4DCD-8A63-03C462C1B426}.Release|Any CPU.Build.0 = Release|Any CPU
	EndGlobalSection
	GlobalSection(SolutionProperties) = preSolution
		HideSolutionNode = FALSE
	EndGlobalSection
	GlobalSection(ExtensibilityGlobals) = postSolution
		SolutionGuid = {0F4C8E3D-C628-4277-BC4B-04CACD6531A6}
	EndGlobalSection
EndGlobal
