
Microsoft Visual Studio Solution File, Format Version 12.00
# Visual Studio Version 16
VisualStudioVersion = 16.0.31729.503
MinimumVisualStudioVersion = 10.0.40219.1
Project("{FAE04EC0-301F-11D3-BF4B-00C04F79EFBC}") = "Day-05_4", "Day-05_4\Day-05_4.csproj", "{B051ABDB-7EED-4B3B-A57E-392DB809BEA0}"
EndProject
Global
	GlobalSection(SolutionConfigurationPlatforms) = preSolution
		Debug|Any CPU = Debug|Any CPU
		Release|Any CPU = Release|Any CPU
	EndGlobalSection
	GlobalSection(ProjectConfigurationPlatforms) = postSolution
		{B051ABDB-7EED-4B3B-A57E-392DB809BEA0}.Debug|Any CPU.ActiveCfg = Debug|Any CPU
		{B051ABDB-7EED-4B3B-A57E-392DB809BEA0}.Debug|Any CPU.Build.0 = Debug|Any CPU
		{B051ABDB-7EED-4B3B-A57E-392DB809BEA0}.Release|Any CPU.ActiveCfg = Release|Any CPU
		{B051ABDB-7EED-4B3B-A57E-392DB809BEA0}.Release|Any CPU.Build.0 = Release|Any CPU
	EndGlobalSection
	GlobalSection(SolutionProperties) = preSolution
		HideSolutionNode = FALSE
	EndGlobalSection
	GlobalSection(ExtensibilityGlobals) = postSolution
		SolutionGuid = {5381C44D-7789-45E3-A6BD-B2EAAA49D630}
	EndGlobalSection
EndGlobal
