
Microsoft Visual Studio Solution File, Format Version 12.00
# Visual Studio Version 16
VisualStudioVersion = 16.0.31729.503
MinimumVisualStudioVersion = 10.0.40219.1
Project("{FAE04EC0-301F-11D3-BF4B-00C04F79EFBC}") = "Day-03_8", "Day-03_8\Day-03_8.csproj", "{AEF0481F-496D-4610-AFE4-49584237E74B}"
EndProject
Global
	GlobalSection(SolutionConfigurationPlatforms) = preSolution
		Debug|Any CPU = Debug|Any CPU
		Release|Any CPU = Release|Any CPU
	EndGlobalSection
	GlobalSection(ProjectConfigurationPlatforms) = postSolution
		{AEF0481F-496D-4610-AFE4-49584237E74B}.Debug|Any CPU.ActiveCfg = Debug|Any CPU
		{AEF0481F-496D-4610-AFE4-49584237E74B}.Debug|Any CPU.Build.0 = Debug|Any CPU
		{AEF0481F-496D-4610-AFE4-49584237E74B}.Release|Any CPU.ActiveCfg = Release|Any CPU
		{AEF0481F-496D-4610-AFE4-49584237E74B}.Release|Any CPU.Build.0 = Release|Any CPU
	EndGlobalSection
	GlobalSection(SolutionProperties) = preSolution
		HideSolutionNode = FALSE
	EndGlobalSection
	GlobalSection(ExtensibilityGlobals) = postSolution
		SolutionGuid = {93398165-071A-408E-9685-4E6D92367E43}
	EndGlobalSection
EndGlobal
