
Microsoft Visual Studio Solution File, Format Version 12.00
# Visual Studio Version 16
VisualStudioVersion = 16.0.31729.503
MinimumVisualStudioVersion = 10.0.40219.1
Project("{FAE04EC0-301F-11D3-BF4B-00C04F79EFBC}") = "Day-11_1", "Day-11_1\Day-11_1.csproj", "{B92A896B-1464-46A0-8CA6-A5B00E4705B0}"
EndProject
Global
	GlobalSection(SolutionConfigurationPlatforms) = preSolution
		Debug|Any CPU = Debug|Any CPU
		Release|Any CPU = Release|Any CPU
	EndGlobalSection
	GlobalSection(ProjectConfigurationPlatforms) = postSolution
		{B92A896B-1464-46A0-8CA6-A5B00E4705B0}.Debug|Any CPU.ActiveCfg = Debug|Any CPU
		{B92A896B-1464-46A0-8CA6-A5B00E4705B0}.Debug|Any CPU.Build.0 = Debug|Any CPU
		{B92A896B-1464-46A0-8CA6-A5B00E4705B0}.Release|Any CPU.ActiveCfg = Release|Any CPU
		{B92A896B-1464-46A0-8CA6-A5B00E4705B0}.Release|Any CPU.Build.0 = Release|Any CPU
	EndGlobalSection
	GlobalSection(SolutionProperties) = preSolution
		HideSolutionNode = FALSE
	EndGlobalSection
	GlobalSection(ExtensibilityGlobals) = postSolution
		SolutionGuid = {E1994300-A4B2-4DD1-9BAE-034D056980AB}
	EndGlobalSection
EndGlobal
