
Microsoft Visual Studio Solution File, Format Version 12.00
# Visual Studio Version 16
VisualStudioVersion = 16.0.31729.503
MinimumVisualStudioVersion = 10.0.40219.1
Project("{FAE04EC0-301F-11D3-BF4B-00C04F79EFBC}") = "Day-14_1", "Day-14_1\Day-14_1.csproj", "{0DEF1111-9A2B-46A3-91CD-29FEFFA50621}"
EndProject
Global
	GlobalSection(SolutionConfigurationPlatforms) = preSolution
		Debug|Any CPU = Debug|Any CPU
		Release|Any CPU = Release|Any CPU
	EndGlobalSection
	GlobalSection(ProjectConfigurationPlatforms) = postSolution
		{0DEF1111-9A2B-46A3-91CD-29FEFFA50621}.Debug|Any CPU.ActiveCfg = Debug|Any CPU
		{0DEF1111-9A2B-46A3-91CD-29FEFFA50621}.Debug|Any CPU.Build.0 = Debug|Any CPU
		{0DEF1111-9A2B-46A3-91CD-29FEFFA50621}.Release|Any CPU.ActiveCfg = Release|Any CPU
		{0DEF1111-9A2B-46A3-91CD-29FEFFA50621}.Release|Any CPU.Build.0 = Release|Any CPU
	EndGlobalSection
	GlobalSection(SolutionProperties) = preSolution
		HideSolutionNode = FALSE
	EndGlobalSection
	GlobalSection(ExtensibilityGlobals) = postSolution
		SolutionGuid = {56AFBE10-512B-43C7-9053-F3ACED6637C7}
	EndGlobalSection
EndGlobal
