
Microsoft Visual Studio Solution File, Format Version 12.00
# Visual Studio Version 16
VisualStudioVersion = 16.0.31729.503
MinimumVisualStudioVersion = 10.0.40219.1
Project("{FAE04EC0-301F-11D3-BF4B-00C04F79EFBC}") = "Day-05_5", "Day-05_5\Day-05_5.csproj", "{FCBEB384-E28E-4754-A028-36B8007BE679}"
EndProject
Global
	GlobalSection(SolutionConfigurationPlatforms) = preSolution
		Debug|Any CPU = Debug|Any CPU
		Release|Any CPU = Release|Any CPU
	EndGlobalSection
	GlobalSection(ProjectConfigurationPlatforms) = postSolution
		{FCBEB384-E28E-4754-A028-36B8007BE679}.Debug|Any CPU.ActiveCfg = Debug|Any CPU
		{FCBEB384-E28E-4754-A028-36B8007BE679}.Debug|Any CPU.Build.0 = Debug|Any CPU
		{FCBEB384-E28E-4754-A028-36B8007BE679}.Release|Any CPU.ActiveCfg = Release|Any CPU
		{FCBEB384-E28E-4754-A028-36B8007BE679}.Release|Any CPU.Build.0 = Release|Any CPU
	EndGlobalSection
	GlobalSection(SolutionProperties) = preSolution
		HideSolutionNode = FALSE
	EndGlobalSection
	GlobalSection(ExtensibilityGlobals) = postSolution
		SolutionGuid = {17616C56-EE22-47D9-9C0F-C84C55A40222}
	EndGlobalSection
EndGlobal
