
Microsoft Visual Studio Solution File, Format Version 12.00
# Visual Studio Version 16
VisualStudioVersion = 16.0.31729.503
MinimumVisualStudioVersion = 10.0.40219.1
Project("{FAE04EC0-301F-11D3-BF4B-00C04F79EFBC}") = "Day-05_6", "Day-05_6\Day-05_6.csproj", "{F458BE3B-B455-49AC-B382-B2A6223ED685}"
EndProject
Global
	GlobalSection(SolutionConfigurationPlatforms) = preSolution
		Debug|Any CPU = Debug|Any CPU
		Release|Any CPU = Release|Any CPU
	EndGlobalSection
	GlobalSection(ProjectConfigurationPlatforms) = postSolution
		{F458BE3B-B455-49AC-B382-B2A6223ED685}.Debug|Any CPU.ActiveCfg = Debug|Any CPU
		{F458BE3B-B455-49AC-B382-B2A6223ED685}.Debug|Any CPU.Build.0 = Debug|Any CPU
		{F458BE3B-B455-49AC-B382-B2A6223ED685}.Release|Any CPU.ActiveCfg = Release|Any CPU
		{F458BE3B-B455-49AC-B382-B2A6223ED685}.Release|Any CPU.Build.0 = Release|Any CPU
	EndGlobalSection
	GlobalSection(SolutionProperties) = preSolution
		HideSolutionNode = FALSE
	EndGlobalSection
	GlobalSection(ExtensibilityGlobals) = postSolution
		SolutionGuid = {1F665BCD-18DE-4029-9967-3E0FABD36D07}
	EndGlobalSection
EndGlobal
